
Microsoft Visual Studio Solution File, Format Version 12.00
# Visual Studio Version 16
VisualStudioVersion = 16.0.31019.35
MinimumVisualStudioVersion = 10.0.40219.1
Project("{9A19103F-16F7-4668-BE54-9A1E7A4F7556}") = "SmartSchool.API", "SmartSchool.API\SmartSchool.API.csproj", "{7B885897-9F14-4CD3-86D7-F9A6EE4DF586}"
EndProject
Global
	GlobalSection(SolutionConfigurationPlatforms) = preSolution
		Debug|Any CPU = Debug|Any CPU
		Release|Any CPU = Release|Any CPU
	EndGlobalSection
	GlobalSection(ProjectConfigurationPlatforms) = postSolution
		{7B885897-9F14-4CD3-86D7-F9A6EE4DF586}.Debug|Any CPU.ActiveCfg = Debug|Any CPU
		{7B885897-9F14-4CD3-86D7-F9A6EE4DF586}.Debug|Any CPU.Build.0 = Debug|Any CPU
		{7B885897-9F14-4CD3-86D7-F9A6EE4DF586}.Release|Any CPU.ActiveCfg = Release|Any CPU
		{7B885897-9F14-4CD3-86D7-F9A6EE4DF586}.Release|Any CPU.Build.0 = Release|Any CPU
	EndGlobalSection
	GlobalSection(SolutionProperties) = preSolution
		HideSolutionNode = FALSE
	EndGlobalSection
	GlobalSection(ExtensibilityGlobals) = postSolution
		SolutionGuid = {D6A461D1-99AD-4CCD-827D-3D39CC9DA641}
	EndGlobalSection
EndGlobal
